
Microsoft Visual Studio Solution File, Format Version 12.00
# Visual Studio Version 17
VisualStudioVersion = 17.14.36327.8 d17.14
MinimumVisualStudioVersion = 10.0.40219.1
Project("{FAE04EC0-301F-11D3-BF4B-00C04F79EFBC}") = "Guided project - Plan a Petting Zoo Visit", "Guided project - Plan a Petting Zoo Visit.csproj", "{5D08E10E-730F-4338-93B3-F013D94F730B}"
EndProject
Global
	GlobalSection(SolutionConfigurationPlatforms) = preSolution
		Debug|Any CPU = Debug|Any CPU
		Release|Any CPU = Release|Any CPU
	EndGlobalSection
	GlobalSection(ProjectConfigurationPlatforms) = postSolution
		{5D08E10E-730F-4338-93B3-F013D94F730B}.Debug|Any CPU.ActiveCfg = Debug|Any CPU
		{5D08E10E-730F-4338-93B3-F013D94F730B}.Debug|Any CPU.Build.0 = Debug|Any CPU
		{5D08E10E-730F-4338-93B3-F013D94F730B}.Release|Any CPU.ActiveCfg = Release|Any CPU
		{5D08E10E-730F-4338-93B3-F013D94F730B}.Release|Any CPU.Build.0 = Release|Any CPU
	EndGlobalSection
	GlobalSection(SolutionProperties) = preSolution
		HideSolutionNode = FALSE
	EndGlobalSection
	GlobalSection(ExtensibilityGlobals) = postSolution
		SolutionGuid = {6338FDCB-0C36-4BC7-858D-D9C5F92A331D}
	EndGlobalSection
EndGlobal
